
Microsoft Visual Studio Solution File, Format Version 12.00
# Visual Studio Version 17
VisualStudioVersion = 17.11.35312.102
MinimumVisualStudioVersion = 10.0.40219.1
Project("{FAE04EC0-301F-11D3-BF4B-00C04F79EFBC}") = "Hazelnut", "Hazelnut.csproj", "{7A75C49E-A985-4FBF-B7B3-69709B68CB46}"
EndProject
Global
	GlobalSection(SolutionConfigurationPlatforms) = preSolution
		Debug|Any CPU = Debug|Any CPU
		Release|Any CPU = Release|Any CPU
	EndGlobalSection
	GlobalSection(ProjectConfigurationPlatforms) = postSolution
		{7A75C49E-A985-4FBF-B7B3-69709B68CB46}.Debug|Any CPU.ActiveCfg = Debug|Any CPU
		{7A75C49E-A985-4FBF-B7B3-69709B68CB46}.Debug|Any CPU.Build.0 = Debug|Any CPU
		{7A75C49E-A985-4FBF-B7B3-69709B68CB46}.Release|Any CPU.ActiveCfg = Release|Any CPU
		{7A75C49E-A985-4FBF-B7B3-69709B68CB46}.Release|Any CPU.Build.0 = Release|Any CPU
	EndGlobalSection
	GlobalSection(SolutionProperties) = preSolution
		HideSolutionNode = FALSE
	EndGlobalSection
	GlobalSection(ExtensibilityGlobals) = postSolution
		SolutionGuid = {E4C9D46B-47CC-4549-A8A2-C2265F5A8A4C}
	EndGlobalSection
EndGlobal
